// !$*UTF8*$!
{
	archiveVersion = 1;
	classes = {
	};
	objectVersion = 55;
	objects = {

/* Begin PBXBuildFile section */
		A807A5A928632165008AB1C0 /* pokedexApp.swift in Sources */ = {isa = PBXBuildFile; fileRef = A807A5A828632165008AB1C0 /* pokedexApp.swift */; };
		A807A5AB28632165008AB1C0 /* ContentView.swift in Sources */ = {isa = PBXBuildFile; fileRef = A807A5AA28632165008AB1C0 /* ContentView.swift */; };
		A807A5AD28632165008AB1C0 /* Assets.xcassets in Resources */ = {isa = PBXBuildFile; fileRef = A807A5AC28632165008AB1C0 /* Assets.xcassets */; };
		A807A5B028632165008AB1C0 /* Preview Assets.xcassets in Resources */ = {isa = PBXBuildFile; fileRef = A807A5AF28632165008AB1C0 /* Preview Assets.xcassets */; };
		A807A5B228632165008AB1C0 /* Persistence.swift in Sources */ = {isa = PBXBuildFile; fileRef = A807A5B128632165008AB1C0 /* Persistence.swift */; };
		A807A5B528632165008AB1C0 /* pokedex.xcdatamodeld in Sources */ = {isa = PBXBuildFile; fileRef = A807A5B328632165008AB1C0 /* pokedex.xcdatamodeld */; };
		A807A5BF28632165008AB1C0 /* pokedexTests.swift in Sources */ = {isa = PBXBuildFile; fileRef = A807A5BE28632165008AB1C0 /* pokedexTests.swift */; };
		A807A5C928632165008AB1C0 /* pokedexUITests.swift in Sources */ = {isa = PBXBuildFile; fileRef = A807A5C828632165008AB1C0 /* pokedexUITests.swift */; };
		A807A5CB28632165008AB1C0 /* pokedexUITestsLaunchTests.swift in Sources */ = {isa = PBXBuildFile; fileRef = A807A5CA28632165008AB1C0 /* pokedexUITestsLaunchTests.swift */; };
		A807A5D928632201008AB1C0 /* Home.swift in Sources */ = {isa = PBXBuildFile; fileRef = A807A5D828632201008AB1C0 /* Home.swift */; };
		A807A5DB286323DD008AB1C0 /* customTabBar.swift in Sources */ = {isa = PBXBuildFile; fileRef = A807A5DA286323DD008AB1C0 /* customTabBar.swift */; };
		A807A5DD28632883008AB1C0 /* tabCurve.swift in Sources */ = {isa = PBXBuildFile; fileRef = A807A5DC28632883008AB1C0 /* tabCurve.swift */; };
		A8B85E4328659DF300438836 /* moves.swift in Sources */ = {isa = PBXBuildFile; fileRef = A8B85E4228659DF300438836 /* moves.swift */; };
		A8B85E4528659E0000438836 /* evolution.swift in Sources */ = {isa = PBXBuildFile; fileRef = A8B85E4428659E0000438836 /* evolution.swift */; };
		A8B85E4728659E1300438836 /* locations.swift in Sources */ = {isa = PBXBuildFile; fileRef = A8B85E4628659E1300438836 /* locations.swift */; };
		A8CC39A828638ED600456A6B /* PokemonView.swift in Sources */ = {isa = PBXBuildFile; fileRef = A8CC39A728638ED600456A6B /* PokemonView.swift */; };
		A8CC39AA28638EF900456A6B /* background.swift in Sources */ = {isa = PBXBuildFile; fileRef = A8CC39A928638EF900456A6B /* background.swift */; };
		A8CC39AF2864C85700456A6B /* About.swift in Sources */ = {isa = PBXBuildFile; fileRef = A8CC39AE2864C85700456A6B /* About.swift */; };
		A8CC39B12864C86100456A6B /* Stats.swift in Sources */ = {isa = PBXBuildFile; fileRef = A8CC39B02864C86100456A6B /* Stats.swift */; };
		A8CC39B32864C90700456A6B /* TabView.swift in Sources */ = {isa = PBXBuildFile; fileRef = A8CC39B22864C90700456A6B /* TabView.swift */; };
/* End PBXBuildFile section */

/* Begin PBXContainerItemProxy section */
		A807A5BB28632165008AB1C0 /* PBXContainerItemProxy */ = {
			isa = PBXContainerItemProxy;
			containerPortal = A807A59D28632165008AB1C0 /* Project object */;
			proxyType = 1;
			remoteGlobalIDString = A807A5A428632165008AB1C0;
			remoteInfo = pokedex;
		};
		A807A5C528632165008AB1C0 /* PBXContainerItemProxy */ = {
			isa = PBXContainerItemProxy;
			containerPortal = A807A59D28632165008AB1C0 /* Project object */;
			proxyType = 1;
			remoteGlobalIDString = A807A5A428632165008AB1C0;
			remoteInfo = pokedex;
		};
/* End PBXContainerItemProxy section */

/* Begin PBXFileReference section */
		A807A5A528632165008AB1C0 /* pokedex.app */ = {isa = PBXFileReference; explicitFileType = wrapper.application; includeInIndex = 0; path = pokedex.app; sourceTree = BUILT_PRODUCTS_DIR; };
		A807A5A828632165008AB1C0 /* pokedexApp.swift */ = {isa = PBXFileReference; lastKnownFileType = sourcecode.swift; path = pokedexApp.swift; sourceTree = "<group>"; };
		A807A5AA28632165008AB1C0 /* ContentView.swift */ = {isa = PBXFileReference; lastKnownFileType = sourcecode.swift; path = ContentView.swift; sourceTree = "<group>"; };
		A807A5AC28632165008AB1C0 /* Assets.xcassets */ = {isa = PBXFileReference; lastKnownFileType = folder.assetcatalog; path = Assets.xcassets; sourceTree = "<group>"; };
		A807A5AF28632165008AB1C0 /* Preview Assets.xcassets */ = {isa = PBXFileReference; lastKnownFileType = folder.assetcatalog; path = "Preview Assets.xcassets"; sourceTree = "<group>"; };
		A807A5B128632165008AB1C0 /* Persistence.swift */ = {isa = PBXFileReference; lastKnownFileType = sourcecode.swift; path = Persistence.swift; sourceTree = "<group>"; };
		A807A5B428632165008AB1C0 /* pokedex.xcdatamodel */ = {isa = PBXFileReference; lastKnownFileType = wrapper.xcdatamodel; path = pokedex.xcdatamodel; sourceTree = "<group>"; };
		A807A5BA28632165008AB1C0 /* pokedexTests.xctest */ = {isa = PBXFileReference; explicitFileType = wrapper.cfbundle; includeInIndex = 0; path = pokedexTests.xctest; sourceTree = BUILT_PRODUCTS_DIR; };
		A807A5BE28632165008AB1C0 /* pokedexTests.swift */ = {isa = PBXFileReference; lastKnownFileType = sourcecode.swift; path = pokedexTests.swift; sourceTree = "<group>"; };
		A807A5C428632165008AB1C0 /* pokedexUITests.xctest */ = {isa = PBXFileReference; explicitFileType = wrapper.cfbundle; includeInIndex = 0; path = pokedexUITests.xctest; sourceTree = BUILT_PRODUCTS_DIR; };
		A807A5C828632165008AB1C0 /* pokedexUITests.swift */ = {isa = PBXFileReference; lastKnownFileType = sourcecode.swift; path = pokedexUITests.swift; sourceTree = "<group>"; };
		A807A5CA28632165008AB1C0 /* pokedexUITestsLaunchTests.swift */ = {isa = PBXFileReference; lastKnownFileType = sourcecode.swift; path = pokedexUITestsLaunchTests.swift; sourceTree = "<group>"; };
		A807A5D828632201008AB1C0 /* Home.swift */ = {isa = PBXFileReference; lastKnownFileType = sourcecode.swift; path = Home.swift; sourceTree = "<group>"; };
		A807A5DA286323DD008AB1C0 /* customTabBar.swift */ = {isa = PBXFileReference; lastKnownFileType = sourcecode.swift; path = customTabBar.swift; sourceTree = "<group>"; };
		A807A5DC28632883008AB1C0 /* tabCurve.swift */ = {isa = PBXFileReference; lastKnownFileType = sourcecode.swift; path = tabCurve.swift; sourceTree = "<group>"; };
		A8B85E4228659DF300438836 /* moves.swift */ = {isa = PBXFileReference; lastKnownFileType = sourcecode.swift; path = moves.swift; sourceTree = "<group>"; };
		A8B85E4428659E0000438836 /* evolution.swift */ = {isa = PBXFileReference; lastKnownFileType = sourcecode.swift; path = evolution.swift; sourceTree = "<group>"; };
		A8B85E4628659E1300438836 /* locations.swift */ = {isa = PBXFileReference; lastKnownFileType = sourcecode.swift; path = locations.swift; sourceTree = "<group>"; };
		A8CC39A728638ED600456A6B /* PokemonView.swift */ = {isa = PBXFileReference; lastKnownFileType = sourcecode.swift; path = PokemonView.swift; sourceTree = "<group>"; };
		A8CC39A928638EF900456A6B /* background.swift */ = {isa = PBXFileReference; lastKnownFileType = sourcecode.swift; path = background.swift; sourceTree = "<group>"; };
		A8CC39AE2864C85700456A6B /* About.swift */ = {isa = PBXFileReference; lastKnownFileType = sourcecode.swift; path = About.swift; sourceTree = "<group>"; };
		A8CC39B02864C86100456A6B /* Stats.swift */ = {isa = PBXFileReference; lastKnownFileType = sourcecode.swift; path = Stats.swift; sourceTree = "<group>"; };
		A8CC39B22864C90700456A6B /* TabView.swift */ = {isa = PBXFileReference; lastKnownFileType = sourcecode.swift; path = TabView.swift; sourceTree = "<group>"; };
/* End PBXFileReference section */

/* Begin PBXFrameworksBuildPhase section */
		A807A5A228632165008AB1C0 /* Frameworks */ = {
			isa = PBXFrameworksBuildPhase;
			buildActionMask = 2147483647;
			files = (
			);
			runOnlyForDeploymentPostprocessing = 0;
		};
		A807A5B728632165008AB1C0 /* Frameworks */ = {
			isa = PBXFrameworksBuildPhase;
			buildActionMask = 2147483647;
			files = (
			);
			runOnlyForDeploymentPostprocessing = 0;
		};
		A807A5C128632165008AB1C0 /* Frameworks */ = {
			isa = PBXFrameworksBuildPhase;
			buildActionMask = 2147483647;
			files = (
			);
			runOnlyForDeploymentPostprocessing = 0;
		};
/* End PBXFrameworksBuildPhase section */

/* Begin PBXGroup section */
		A807A59C28632165008AB1C0 = {
			isa = PBXGroup;
			children = (
				A807A5A728632165008AB1C0 /* pokedex */,
				A807A5BD28632165008AB1C0 /* pokedexTests */,
				A807A5C728632165008AB1C0 /* pokedexUITests */,
				A807A5A628632165008AB1C0 /* Products */,
			);
			sourceTree = "<group>";
		};
		A807A5A628632165008AB1C0 /* Products */ = {
			isa = PBXGroup;
			children = (
				A807A5A528632165008AB1C0 /* pokedex.app */,
				A807A5BA28632165008AB1C0 /* pokedexTests.xctest */,
				A807A5C428632165008AB1C0 /* pokedexUITests.xctest */,
			);
			name = Products;
			sourceTree = "<group>";
		};
		A807A5A728632165008AB1C0 /* pokedex */ = {
			isa = PBXGroup;
			children = (
				A807A5D7286321F8008AB1C0 /* views */,
				A807A5A828632165008AB1C0 /* pokedexApp.swift */,
				A807A5AA28632165008AB1C0 /* ContentView.swift */,
				A807A5AC28632165008AB1C0 /* Assets.xcassets */,
				A807A5B128632165008AB1C0 /* Persistence.swift */,
				A807A5B328632165008AB1C0 /* pokedex.xcdatamodeld */,
				A807A5AE28632165008AB1C0 /* Preview Content */,
			);
			path = pokedex;
			sourceTree = "<group>";
		};
		A807A5AE28632165008AB1C0 /* Preview Content */ = {
			isa = PBXGroup;
			children = (
				A807A5AF28632165008AB1C0 /* Preview Assets.xcassets */,
			);
			path = "Preview Content";
			sourceTree = "<group>";
		};
		A807A5BD28632165008AB1C0 /* pokedexTests */ = {
			isa = PBXGroup;
			children = (
				A807A5BE28632165008AB1C0 /* pokedexTests.swift */,
			);
			path = pokedexTests;
			sourceTree = "<group>";
		};
		A807A5C728632165008AB1C0 /* pokedexUITests */ = {
			isa = PBXGroup;
			children = (
				A807A5C828632165008AB1C0 /* pokedexUITests.swift */,
				A807A5CA28632165008AB1C0 /* pokedexUITestsLaunchTests.swift */,
			);
			path = pokedexUITests;
			sourceTree = "<group>";
		};
		A807A5D7286321F8008AB1C0 /* views */ = {
			isa = PBXGroup;
			children = (
				A8CC39AD2864C85000456A6B /* tabbar */,
				A807A5D828632201008AB1C0 /* Home.swift */,
				A807A5DA286323DD008AB1C0 /* customTabBar.swift */,
				A807A5DC28632883008AB1C0 /* tabCurve.swift */,
				A8CC39A728638ED600456A6B /* PokemonView.swift */,
				A8CC39A928638EF900456A6B /* background.swift */,
			);
			path = views;
			sourceTree = "<group>";
		};
		A8CC39AD2864C85000456A6B /* tabbar */ = {
			isa = PBXGroup;
			children = (
				A8CC39AE2864C85700456A6B /* About.swift */,
				A8CC39B02864C86100456A6B /* Stats.swift */,
				A8CC39B22864C90700456A6B /* TabView.swift */,
				A8B85E4228659DF300438836 /* moves.swift */,
				A8B85E4428659E0000438836 /* evolution.swift */,
				A8B85E4628659E1300438836 /* locations.swift */,
			);
			path = tabbar;
			sourceTree = "<group>";
		};
/* End PBXGroup section */

/* Begin PBXNativeTarget section */
		A807A5A428632165008AB1C0 /* pokedex */ = {
			isa = PBXNativeTarget;
			buildConfigurationList = A807A5CE28632165008AB1C0 /* Build configuration list for PBXNativeTarget "pokedex" */;
			buildPhases = (
				A807A5A128632165008AB1C0 /* Sources */,
				A807A5A228632165008AB1C0 /* Frameworks */,
				A807A5A328632165008AB1C0 /* Resources */,
			);
			buildRules = (
			);
			dependencies = (
			);
			name = pokedex;
			productName = pokedex;
			productReference = A807A5A528632165008AB1C0 /* pokedex.app */;
			productType = "com.apple.product-type.application";
		};
		A807A5B928632165008AB1C0 /* pokedexTests */ = {
			isa = PBXNativeTarget;
			buildConfigurationList = A807A5D128632165008AB1C0 /* Build configuration list for PBXNativeTarget "pokedexTests" */;
			buildPhases = (
				A807A5B628632165008AB1C0 /* Sources */,
				A807A5B728632165008AB1C0 /* Frameworks */,
				A807A5B828632165008AB1C0 /* Resources */,
			);
			buildRules = (
			);
			dependencies = (
				A807A5BC28632165008AB1C0 /* PBXTargetDependency */,
			);
			name = pokedexTests;
			productName = pokedexTests;
			productReference = A807A5BA28632165008AB1C0 /* pokedexTests.xctest */;
			productType = "com.apple.product-type.bundle.unit-test";
		};
		A807A5C328632165008AB1C0 /* pokedexUITests */ = {
			isa = PBXNativeTarget;
			buildConfigurationList = A807A5D428632165008AB1C0 /* Build configuration list for PBXNativeTarget "pokedexUITests" */;
			buildPhases = (
				A807A5C028632165008AB1C0 /* Sources */,
				A807A5C128632165008AB1C0 /* Frameworks */,
				A807A5C228632165008AB1C0 /* Resources */,
			);
			buildRules = (
			);
			dependencies = (
				A807A5C628632165008AB1C0 /* PBXTargetDependency */,
			);
			name = pokedexUITests;
			productName = pokedexUITests;
			productReference = A807A5C428632165008AB1C0 /* pokedexUITests.xctest */;
			productType = "com.apple.product-type.bundle.ui-testing";
		};
/* End PBXNativeTarget section */

/* Begin PBXProject section */
		A807A59D28632165008AB1C0 /* Project object */ = {
			isa = PBXProject;
			attributes = {
				BuildIndependentTargetsInParallel = 1;
				LastSwiftUpdateCheck = 1340;
				LastUpgradeCheck = 1340;
				TargetAttributes = {
					A807A5A428632165008AB1C0 = {
						CreatedOnToolsVersion = 13.4;
					};
					A807A5B928632165008AB1C0 = {
						CreatedOnToolsVersion = 13.4;
						TestTargetID = A807A5A428632165008AB1C0;
					};
					A807A5C328632165008AB1C0 = {
						CreatedOnToolsVersion = 13.4;
						TestTargetID = A807A5A428632165008AB1C0;
					};
				};
			};
			buildConfigurationList = A807A5A028632165008AB1C0 /* Build configuration list for PBXProject "pokedex" */;
			compatibilityVersion = "Xcode 13.0";
			developmentRegion = en;
			hasScannedForEncodings = 0;
			knownRegions = (
				en,
				Base,
			);
			mainGroup = A807A59C28632165008AB1C0;
			productRefGroup = A807A5A628632165008AB1C0 /* Products */;
			projectDirPath = "";
			projectRoot = "";
			targets = (
				A807A5A428632165008AB1C0 /* pokedex */,
				A807A5B928632165008AB1C0 /* pokedexTests */,
				A807A5C328632165008AB1C0 /* pokedexUITests */,
			);
		};
/* End PBXProject section */

/* Begin PBXResourcesBuildPhase section */
		A807A5A328632165008AB1C0 /* Resources */ = {
			isa = PBXResourcesBuildPhase;
			buildActionMask = 2147483647;
			files = (
				A807A5B028632165008AB1C0 /* Preview Assets.xcassets in Resources */,
				A807A5AD28632165008AB1C0 /* Assets.xcassets in Resources */,
			);
			runOnlyForDeploymentPostprocessing = 0;
		};
		A807A5B828632165008AB1C0 /* Resources */ = {
			isa = PBXResourcesBuildPhase;
			buildActionMask = 2147483647;
			files = (
			);
			runOnlyForDeploymentPostprocessing = 0;
		};
		A807A5C228632165008AB1C0 /* Resources */ = {
			isa = PBXResourcesBuildPhase;
			buildActionMask = 2147483647;
			files = (
			);
			runOnlyForDeploymentPostprocessing = 0;
		};
/* End PBXResourcesBuildPhase section */

/* Begin PBXSourcesBuildPhase section */
		A807A5A128632165008AB1C0 /* Sources */ = {
			isa = PBXSourcesBuildPhase;
			buildActionMask = 2147483647;
			files = (
				A8CC39AA28638EF900456A6B /* background.swift in Sources */,
				A8CC39B12864C86100456A6B /* Stats.swift in Sources */,
				A8CC39A828638ED600456A6B /* PokemonView.swift in Sources */,
				A807A5B528632165008AB1C0 /* pokedex.xcdatamodeld in Sources */,
				A807A5B228632165008AB1C0 /* Persistence.swift in Sources */,
				A807A5DD28632883008AB1C0 /* tabCurve.swift in Sources */,
				A8CC39AF2864C85700456A6B /* About.swift in Sources */,
				A8B85E4728659E1300438836 /* locations.swift in Sources */,
				A8B85E4328659DF300438836 /* moves.swift in Sources */,
				A807A5D928632201008AB1C0 /* Home.swift in Sources */,
				A8B85E4528659E0000438836 /* evolution.swift in Sources */,
				A807A5AB28632165008AB1C0 /* ContentView.swift in Sources */,
				A807A5DB286323DD008AB1C0 /* customTabBar.swift in Sources */,
				A8CC39B32864C90700456A6B /* TabView.swift in Sources */,
				A807A5A928632165008AB1C0 /* pokedexApp.swift in Sources */,
			);
			runOnlyForDeploymentPostprocessing = 0;
		};
		A807A5B628632165008AB1C0 /* Sources */ = {
			isa = PBXSourcesBuildPhase;
			buildActionMask = 2147483647;
			files = (
				A807A5BF28632165008AB1C0 /* pokedexTests.swift in Sources */,
			);
			runOnlyForDeploymentPostprocessing = 0;
		};
		A807A5C028632165008AB1C0 /* Sources */ = {
			isa = PBXSourcesBuildPhase;
			buildActionMask = 2147483647;
			files = (
				A807A5C928632165008AB1C0 /* pokedexUITests.swift in Sources */,
				A807A5CB28632165008AB1C0 /* pokedexUITestsLaunchTests.swift in Sources */,
			);
			runOnlyForDeploymentPostprocessing = 0;
		};
/* End PBXSourcesBuildPhase section */

/* Begin PBXTargetDependency section */
		A807A5BC28632165008AB1C0 /* PBXTargetDependency */ = {
			isa = PBXTargetDependency;
			target = A807A5A428632165008AB1C0 /* pokedex */;
			targetProxy = A807A5BB28632165008AB1C0 /* PBXContainerItemProxy */;
		};
		A807A5C628632165008AB1C0 /* PBXTargetDependency */ = {
			isa = PBXTargetDependency;
			target = A807A5A428632165008AB1C0 /* pokedex */;
			targetProxy = A807A5C528632165008AB1C0 /* PBXContainerItemProxy */;
		};
/* End PBXTargetDependency section */

/* Begin XCBuildConfiguration section */
		A807A5CC28632165008AB1C0 /* Debug */ = {
			isa = XCBuildConfiguration;
			buildSettings = {
				ALWAYS_SEARCH_USER_PATHS = NO;
				CLANG_ANALYZER_NONNULL = YES;
				CLANG_ANALYZER_NUMBER_OBJECT_CONVERSION = YES_AGGRESSIVE;
				CLANG_CXX_LANGUAGE_STANDARD = "gnu++17";
				CLANG_ENABLE_MODULES = YES;
				CLANG_ENABLE_OBJC_ARC = YES;
				CLANG_ENABLE_OBJC_WEAK = YES;
				CLANG_WARN_BLOCK_CAPTURE_AUTORELEASING = YES;
				CLANG_WARN_BOOL_CONVERSION = YES;
				CLANG_WARN_COMMA = YES;
				CLANG_WARN_CONSTANT_CONVERSION = YES;
				CLANG_WARN_DEPRECATED_OBJC_IMPLEMENTATIONS = YES;
				CLANG_WARN_DIRECT_OBJC_ISA_USAGE = YES_ERROR;
				CLANG_WARN_DOCUMENTATION_COMMENTS = YES;
				CLANG_WARN_EMPTY_BODY = YES;
				CLANG_WARN_ENUM_CONVERSION = YES;
				CLANG_WARN_INFINITE_RECURSION = YES;
				CLANG_WARN_INT_CONVERSION = YES;
				CLANG_WARN_NON_LITERAL_NULL_CONVERSION = YES;
				CLANG_WARN_OBJC_IMPLICIT_RETAIN_SELF = YES;
				CLANG_WARN_OBJC_LITERAL_CONVERSION = YES;
				CLANG_WARN_OBJC_ROOT_CLASS = YES_ERROR;
				CLANG_WARN_QUOTED_INCLUDE_IN_FRAMEWORK_HEADER = YES;
				CLANG_WARN_RANGE_LOOP_ANALYSIS = YES;
				CLANG_WARN_STRICT_PROTOTYPES = YES;
				CLANG_WARN_SUSPICIOUS_MOVE = YES;
				CLANG_WARN_UNGUARDED_AVAILABILITY = YES_AGGRESSIVE;
				CLANG_WARN_UNREACHABLE_CODE = YES;
				CLANG_WARN__DUPLICATE_METHOD_MATCH = YES;
				COPY_PHASE_STRIP = NO;
				DEBUG_INFORMATION_FORMAT = dwarf;
				ENABLE_STRICT_OBJC_MSGSEND = YES;
				ENABLE_TESTABILITY = YES;
				GCC_C_LANGUAGE_STANDARD = gnu11;
				GCC_DYNAMIC_NO_PIC = NO;
				GCC_NO_COMMON_BLOCKS = YES;
				GCC_OPTIMIZATION_LEVEL = 0;
				GCC_PREPROCESSOR_DEFINITIONS = (
					"DEBUG=1",
					"$(inherited)",
				);
				GCC_WARN_64_TO_32_BIT_CONVERSION = YES;
				GCC_WARN_ABOUT_RETURN_TYPE = YES_ERROR;
				GCC_WARN_UNDECLARED_SELECTOR = YES;
				GCC_WARN_UNINITIALIZED_AUTOS = YES_AGGRESSIVE;
				GCC_WARN_UNUSED_FUNCTION = YES;
				GCC_WARN_UNUSED_VARIABLE = YES;
				IPHONEOS_DEPLOYMENT_TARGET = 15.5;
				MTL_ENABLE_DEBUG_INFO = INCLUDE_SOURCE;
				MTL_FAST_MATH = YES;
				ONLY_ACTIVE_ARCH = YES;
				SDKROOT = iphoneos;
				SWIFT_ACTIVE_COMPILATION_CONDITIONS = DEBUG;
				SWIFT_OPTIMIZATION_LEVEL = "-Onone";
			};
			name = Debug;
		};
		A807A5CD28632165008AB1C0 /* Release */ = {
			isa = XCBuildConfiguration;
			buildSettings = {
				ALWAYS_SEARCH_USER_PATHS = NO;
				CLANG_ANALYZER_NONNULL = YES;
				CLANG_ANALYZER_NUMBER_OBJECT_CONVERSION = YES_AGGRESSIVE;
				CLANG_CXX_LANGUAGE_STANDARD = "gnu++17";
				CLANG_ENABLE_MODULES = YES;
				CLANG_ENABLE_OBJC_ARC = YES;
				CLANG_ENABLE_OBJC_WEAK = YES;
				CLANG_WARN_BLOCK_CAPTURE_AUTORELEASING = YES;
				CLANG_WARN_BOOL_CONVERSION = YES;
				CLANG_WARN_COMMA = YES;
				CLANG_WARN_CONSTANT_CONVERSION = YES;
				CLANG_WARN_DEPRECATED_OBJC_IMPLEMENTATIONS = YES;
				CLANG_WARN_DIRECT_OBJC_ISA_USAGE = YES_ERROR;
				CLANG_WARN_DOCUMENTATION_COMMENTS = YES;
				CLANG_WARN_EMPTY_BODY = YES;
				CLANG_WARN_ENUM_CONVERSION = YES;
				CLANG_WARN_INFINITE_RECURSION = YES;
				CLANG_WARN_INT_CONVERSION = YES;
				CLANG_WARN_NON_LITERAL_NULL_CONVERSION = YES;
				CLANG_WARN_OBJC_IMPLICIT_RETAIN_SELF = YES;
				CLANG_WARN_OBJC_LITERAL_CONVERSION = YES;
				CLANG_WARN_OBJC_ROOT_CLASS = YES_ERROR;
				CLANG_WARN_QUOTED_INCLUDE_IN_FRAMEWORK_HEADER = YES;
				CLANG_WARN_RANGE_LOOP_ANALYSIS = YES;
				CLANG_WARN_STRICT_PROTOTYPES = YES;
				CLANG_WARN_SUSPICIOUS_MOVE = YES;
				CLANG_WARN_UNGUARDED_AVAILABILITY = YES_AGGRESSIVE;
				CLANG_WARN_UNREACHABLE_CODE = YES;
				CLANG_WARN__DUPLICATE_METHOD_MATCH = YES;
				COPY_PHASE_STRIP = NO;
				DEBUG_INFORMATION_FORMAT = "dwarf-with-dsym";
				ENABLE_NS_ASSERTIONS = NO;
				ENABLE_STRICT_OBJC_MSGSEND = YES;
				GCC_C_LANGUAGE_STANDARD = gnu11;
				GCC_NO_COMMON_BLOCKS = YES;
				GCC_WARN_64_TO_32_BIT_CONVERSION = YES;
				GCC_WARN_ABOUT_RETURN_TYPE = YES_ERROR;
				GCC_WARN_UNDECLARED_SELECTOR = YES;
				GCC_WARN_UNINITIALIZED_AUTOS = YES_AGGRESSIVE;
				GCC_WARN_UNUSED_FUNCTION = YES;
				GCC_WARN_UNUSED_VARIABLE = YES;
				IPHONEOS_DEPLOYMENT_TARGET = 15.5;
				MTL_ENABLE_DEBUG_INFO = NO;
				MTL_FAST_MATH = YES;
				SDKROOT = iphoneos;
				SWIFT_COMPILATION_MODE = wholemodule;
				SWIFT_OPTIMIZATION_LEVEL = "-O";
				VALIDATE_PRODUCT = YES;
			};
			name = Release;
		};
		A807A5CF28632165008AB1C0 /* Debug */ = {
			isa = XCBuildConfiguration;
			buildSettings = {
				ASSETCATALOG_COMPILER_APPICON_NAME = AppIcon;
				ASSETCATALOG_COMPILER_GLOBAL_ACCENT_COLOR_NAME = AccentColor;
				CODE_SIGN_STYLE = Automatic;
				CURRENT_PROJECT_VERSION = 1;
				DEVELOPMENT_ASSET_PATHS = "\"pokedex/Preview Content\"";
				DEVELOPMENT_TEAM = 9F55972V7L;
				ENABLE_PREVIEWS = YES;
				GENERATE_INFOPLIST_FILE = YES;
				INFOPLIST_KEY_UIApplicationSceneManifest_Generation = YES;
				INFOPLIST_KEY_UIApplicationSupportsIndirectInputEvents = YES;
				INFOPLIST_KEY_UILaunchScreen_Generation = YES;
				INFOPLIST_KEY_UISupportedInterfaceOrientations_iPad = "UIInterfaceOrientationPortrait UIInterfaceOrientationPortraitUpsideDown UIInterfaceOrientationLandscapeLeft UIInterfaceOrientationLandscapeRight";
				INFOPLIST_KEY_UISupportedInterfaceOrientations_iPhone = "UIInterfaceOrientationPortrait UIInterfaceOrientationLandscapeLeft UIInterfaceOrientationLandscapeRight";
				LD_RUNPATH_SEARCH_PATHS = (
					"$(inherited)",
					"@executable_path/Frameworks",
				);
				MARKETING_VERSION = 1.0;
				PRODUCT_BUNDLE_IDENTIFIER = co..pokedex;
				PRODUCT_NAME = "$(TARGET_NAME)";
				SWIFT_EMIT_LOC_STRINGS = YES;
				SWIFT_VERSION = 5.0;
				TARGETED_DEVICE_FAMILY = "1,2";
			};
			name = Debug;
		};
		A807A5D028632165008AB1C0 /* Release */ = {
			isa = XCBuildConfiguration;
			buildSettings = {
				ASSETCATALOG_COMPILER_APPICON_NAME = AppIcon;
				ASSETCATALOG_COMPILER_GLOBAL_ACCENT_COLOR_NAME = AccentColor;
				CODE_SIGN_STYLE = Automatic;
				CURRENT_PROJECT_VERSION = 1;
				DEVELOPMENT_ASSET_PATHS = "\"pokedex/Preview Content\"";
				DEVELOPMENT_TEAM = 9F55972V7L;
				ENABLE_PREVIEWS = YES;
				GENERATE_INFOPLIST_FILE = YES;
				INFOPLIST_KEY_UIApplicationSceneManifest_Generation = YES;
				INFOPLIST_KEY_UIApplicationSupportsIndirectInputEvents = YES;
				INFOPLIST_KEY_UILaunchScreen_Generation = YES;
				INFOPLIST_KEY_UISupportedInterfaceOrientations_iPad = "UIInterfaceOrientationPortrait UIInterfaceOrientationPortraitUpsideDown UIInterfaceOrientationLandscapeLeft UIInterfaceOrientationLandscapeRight";
				INFOPLIST_KEY_UISupportedInterfaceOrientations_iPhone = "UIInterfaceOrientationPortrait UIInterfaceOrientationLandscapeLeft UIInterfaceOrientationLandscapeRight";
				LD_RUNPATH_SEARCH_PATHS = (
					"$(inherited)",
					"@executable_path/Frameworks",
				);
				MARKETING_VERSION = 1.0;
				PRODUCT_BUNDLE_IDENTIFIER = co..pokedex;
				PRODUCT_NAME = "$(TARGET_NAME)";
				SWIFT_EMIT_LOC_STRINGS = YES;
				SWIFT_VERSION = 5.0;
				TARGETED_DEVICE_FAMILY = "1,2";
			};
			name = Release;
		};
		A807A5D228632165008AB1C0 /* Debug */ = {
			isa = XCBuildConfiguration;
			buildSettings = {
				ALWAYS_EMBED_SWIFT_STANDARD_LIBRARIES = YES;
				BUNDLE_LOADER = "$(TEST_HOST)";
				CODE_SIGN_STYLE = Automatic;
				CURRENT_PROJECT_VERSION = 1;
				DEVELOPMENT_TEAM = 9F55972V7L;
				GENERATE_INFOPLIST_FILE = YES;
				IPHONEOS_DEPLOYMENT_TARGET = 15.5;
				MARKETING_VERSION = 1.0;
				PRODUCT_BUNDLE_IDENTIFIER = co..pokedexTests;
				PRODUCT_NAME = "$(TARGET_NAME)";
				SWIFT_EMIT_LOC_STRINGS = NO;
				SWIFT_VERSION = 5.0;
				TARGETED_DEVICE_FAMILY = "1,2";
				TEST_HOST = "$(BUILT_PRODUCTS_DIR)/pokedex.app/pokedex";
			};
			name = Debug;
		};
		A807A5D328632165008AB1C0 /* Release */ = {
			isa = XCBuildConfiguration;
			buildSettings = {
				ALWAYS_EMBED_SWIFT_STANDARD_LIBRARIES = YES;
				BUNDLE_LOADER = "$(TEST_HOST)";
				CODE_SIGN_STYLE = Automatic;
				CURRENT_PROJECT_VERSION = 1;
				DEVELOPMENT_TEAM = 9F55972V7L;
				GENERATE_INFOPLIST_FILE = YES;
				IPHONEOS_DEPLOYMENT_TARGET = 15.5;
				MARKETING_VERSION = 1.0;
				PRODUCT_BUNDLE_IDENTIFIER = co..pokedexTests;
				PRODUCT_NAME = "$(TARGET_NAME)";
				SWIFT_EMIT_LOC_STRINGS = NO;
				SWIFT_VERSION = 5.0;
				TARGETED_DEVICE_FAMILY = "1,2";
				TEST_HOST = "$(BUILT_PRODUCTS_DIR)/pokedex.app/pokedex";
			};
			name = Release;
		};
		A807A5D528632165008AB1C0 /* Debug */ = {
			isa = XCBuildConfiguration;
			buildSettings = {
				ALWAYS_EMBED_SWIFT_STANDARD_LIBRARIES = YES;
				CODE_SIGN_STYLE = Automatic;
				CURRENT_PROJECT_VERSION = 1;
				DEVELOPMENT_TEAM = 9F55972V7L;
				GENERATE_INFOPLIST_FILE = YES;
				MARKETING_VERSION = 1.0;
				PRODUCT_BUNDLE_IDENTIFIER = co..pokedexUITests;
				PRODUCT_NAME = "$(TARGET_NAME)";
				SWIFT_EMIT_LOC_STRINGS = NO;
				SWIFT_VERSION = 5.0;
				TARGETED_DEVICE_FAMILY = "1,2";
				TEST_TARGET_NAME = pokedex;
			};
			name = Debug;
		};
		A807A5D628632165008AB1C0 /* Release */ = {
			isa = XCBuildConfiguration;
			buildSettings = {
				ALWAYS_EMBED_SWIFT_STANDARD_LIBRARIES = YES;
				CODE_SIGN_STYLE = Automatic;
				CURRENT_PROJECT_VERSION = 1;
				DEVELOPMENT_TEAM = 9F55972V7L;
				GENERATE_INFOPLIST_FILE = YES;
				MARKETING_VERSION = 1.0;
				PRODUCT_BUNDLE_IDENTIFIER = co..pokedexUITests;
				PRODUCT_NAME = "$(TARGET_NAME)";
				SWIFT_EMIT_LOC_STRINGS = NO;
				SWIFT_VERSION = 5.0;
				TARGETED_DEVICE_FAMILY = "1,2";
				TEST_TARGET_NAME = pokedex;
			};
			name = Release;
		};
/* End XCBuildConfiguration section */

/* Begin XCConfigurationList section */
		A807A5A028632165008AB1C0 /* Build configuration list for PBXProject "pokedex" */ = {
			isa = XCConfigurationList;
			buildConfigurations = (
				A807A5CC28632165008AB1C0 /* Debug */,
				A807A5CD28632165008AB1C0 /* Release */,
			);
			defaultConfigurationIsVisible = 0;
			defaultConfigurationName = Release;
		};
		A807A5CE28632165008AB1C0 /* Build configuration list for PBXNativeTarget "pokedex" */ = {
			isa = XCConfigurationList;
			buildConfigurations = (
				A807A5CF28632165008AB1C0 /* Debug */,
				A807A5D028632165008AB1C0 /* Release */,
			);
			defaultConfigurationIsVisible = 0;
			defaultConfigurationName = Release;
		};
		A807A5D128632165008AB1C0 /* Build configuration list for PBXNativeTarget "pokedexTests" */ = {
			isa = XCConfigurationList;
			buildConfigurations = (
				A807A5D228632165008AB1C0 /* Debug */,
				A807A5D328632165008AB1C0 /* Release */,
			);
			defaultConfigurationIsVisible = 0;
			defaultConfigurationName = Release;
		};
		A807A5D428632165008AB1C0 /* Build configuration list for PBXNativeTarget "pokedexUITests" */ = {
			isa = XCConfigurationList;
			buildConfigurations = (
				A807A5D528632165008AB1C0 /* Debug */,
				A807A5D628632165008AB1C0 /* Release */,
			);
			defaultConfigurationIsVisible = 0;
			defaultConfigurationName = Release;
		};
/* End XCConfigurationList section */

/* Begin XCVersionGroup section */
		A807A5B328632165008AB1C0 /* pokedex.xcdatamodeld */ = {
			isa = XCVersionGroup;
			children = (
				A807A5B428632165008AB1C0 /* pokedex.xcdatamodel */,
			);
			currentVersion = A807A5B428632165008AB1C0 /* pokedex.xcdatamodel */;
			path = pokedex.xcdatamodeld;
			sourceTree = "<group>";
			versionGroupType = wrapper.xcdatamodel;
		};
/* End XCVersionGroup section */
	};
	rootObject = A807A59D28632165008AB1C0 /* Project object */;
}
